
Microsoft Visual Studio Solution File, Format Version 12.00
# Visual Studio Version 17
VisualStudioVersion = 17.9.34728.123
MinimumVisualStudioVersion = 10.0.40219.1
Project("{FAE04EC0-301F-11D3-BF4B-00C04F79EFBC}") = "Sportify", "Sportify\Sportify.csproj", "{9296DBE4-2C0E-45C2-88E9-34AD45B5A7EF}"
EndProject
Global
	GlobalSection(SolutionConfigurationPlatforms) = preSolution
		Debug|Any CPU = Debug|Any CPU
		Release|Any CPU = Release|Any CPU
	EndGlobalSection
	GlobalSection(ProjectConfigurationPlatforms) = postSolution
		{9296DBE4-2C0E-45C2-88E9-34AD45B5A7EF}.Debug|Any CPU.ActiveCfg = Debug|Any CPU
		{9296DBE4-2C0E-45C2-88E9-34AD45B5A7EF}.Debug|Any CPU.Build.0 = Debug|Any CPU
		{9296DBE4-2C0E-45C2-88E9-34AD45B5A7EF}.Release|Any CPU.ActiveCfg = Release|Any CPU
		{9296DBE4-2C0E-45C2-88E9-34AD45B5A7EF}.Release|Any CPU.Build.0 = Release|Any CPU
	EndGlobalSection
	GlobalSection(SolutionProperties) = preSolution
		HideSolutionNode = FALSE
	EndGlobalSection
	GlobalSection(ExtensibilityGlobals) = postSolution
		SolutionGuid = {C610C8E4-8483-4758-A121-E430E3C2BD72}
	EndGlobalSection
EndGlobal
